<?xml version="1.0" encoding="UTF-8" standalone="yes" ?>
<CodeBlocks_project_file>
	<FileVersion major="1" minor="6" />
	<Project>
		<Option title="GLICT" />
		<Option pch_mode="0" />
		<Option default_target="default" />
		<Option compiler="gcc" />
		<Build>
			<Target title="demowin32">
				<Option platforms="Windows;" />
				<Option output="GLICTdemo" prefix_auto="1" extension_auto="1" />
				<Option type="1" />
				<Option compiler="gcc" />
				<Option projectResourceIncludeDirsRelation="1" />
				<Compiler>
					<Add option="-w" />
					<Add option="-g" />
					<Add option="-g3" />
					<Add option="-DWIN32" />
				</Compiler>
				<Linker>
					<Add library="glut" />
					<Add library="glut32" />
					<Add library="winmm" />
					<Add library="gdi32" />
					<Add library="opengl32" />
					<Add library="glu32" />
					<Add library="wsock32" />
					<Add library="version" />
					<Add library="glaux" />
				</Linker>
			</Target>
			<Target title="library">
				<Option output="libGLICT.a" prefix_auto="1" extension_auto="1" />
				<Option working_dir="" />
				<Option type="2" />
				<Option compiler="gcc" />
				<Option projectResourceIncludeDirsRelation="1" />
				<Compiler>
					<Add option="-O3" />
					<Add option="-g" />
				</Compiler>
			</Target>
			<Target title="demounix">
				<Option platforms="Unix;" />
				<Option output="GLICTdemo" prefix_auto="1" extension_auto="1" />
				<Option type="1" />
				<Option compiler="gcc" />
				<Option projectResourceIncludeDirsRelation="1" />
				<Compiler>
					<Add option="-w" />
					<Add option="-g" />
					<Add option="-g3" />
				</Compiler>
				<Linker>
					<Add library="GL" />
					<Add library="glut" />
					<Add library="SDL" />
				</Linker>
			</Target>
			<Target title="demosdl">
				<Option output="demosdl" prefix_auto="1" extension_auto="1" />
				<Option object_output=".objsdemosdl" />
				<Option type="1" />
				<Option compiler="gcc" />
				<Compiler>
					<Add option="-DNO_GL" />
				</Compiler>
				<Linker>
					<Add library="SDL" />
				</Linker>
			</Target>
			<Target title="examples-memory">
				<Option output="glictmemory" prefix_auto="1" extension_auto="1" />
				<Option object_output=".objsmemory" />
				<Option type="1" />
				<Option compiler="gcc" />
				<Compiler>
					<Add option="-w" />
					<Add option="-g" />
				</Compiler>
				<Linker>
					<Add library="GL" />
					<Add library="glut" />
				</Linker>
			</Target>
			<Target title="examples-memory_sdl">
				<Option output="glictmemory_sdl" prefix_auto="1" extension_auto="1" />
				<Option object_output=".objsmemorysdl" />
				<Option type="1" />
				<Option compiler="gcc" />
				<Compiler>
					<Add option="-w" />
					<Add option="-g" />
					<Add option="-DNO_GL" />
				</Compiler>
				<Linker>
					<Add library="SDL" />
				</Linker>
			</Target>
		</Build>
		<VirtualTargets>
			<Add alias="All" targets="demowin32;library;" />
		</VirtualTargets>
		<Unit filename="GLICT/button.cpp" />
		<Unit filename="GLICT/button.h">
			<Option target="demowin32" />
			<Option target="library" />
			<Option target="demounix" />
			<Option target="demosdl" />
		</Unit>
		<Unit filename="GLICT/container.cpp" />
		<Unit filename="GLICT/container.h">
			<Option target="demowin32" />
			<Option target="library" />
			<Option target="demounix" />
			<Option target="demosdl" />
		</Unit>
		<Unit filename="GLICT/fonts.cpp" />
		<Unit filename="GLICT/fonts.h">
			<Option target="demowin32" />
			<Option target="library" />
			<Option target="demounix" />
			<Option target="demosdl" />
		</Unit>
		<Unit filename="GLICT/globals.cpp" />
		<Unit filename="GLICT/globals.h">
			<Option target="demowin32" />
			<Option target="library" />
			<Option target="demounix" />
			<Option target="demosdl" />
		</Unit>
		<Unit filename="GLICT/glut-helper.cpp">
			<Option compile="0" />
			<Option link="0" />
			<Option target="demowin32" />
			<Option target="library" />
			<Option target="demounix" />
			<Option target="examples-memory" />
			<Option target="examples-memory_sdl" />
		</Unit>
		<Unit filename="GLICT/glut-helper.h">
			<Option target="demowin32" />
			<Option target="library" />
			<Option target="demounix" />
			<Option target="demosdl" />
		</Unit>
		<Unit filename="GLICT/list.cpp">
			<Option target="demowin32" />
			<Option target="library" />
			<Option target="demounix" />
			<Option target="demosdl" />
		</Unit>
		<Unit filename="GLICT/list.h">
			<Option target="demowin32" />
			<Option target="library" />
			<Option target="demounix" />
			<Option target="demosdl" />
		</Unit>
		<Unit filename="GLICT/messagebox.cpp" />
		<Unit filename="GLICT/messagebox.h">
			<Option target="demowin32" />
			<Option target="library" />
			<Option target="demounix" />
			<Option target="demosdl" />
		</Unit>
		<Unit filename="GLICT/panel.cpp" />
		<Unit filename="GLICT/panel.h">
			<Option target="demowin32" />
			<Option target="library" />
			<Option target="demounix" />
			<Option target="demosdl" />
		</Unit>
		<Unit filename="GLICT/progressbar.cpp" />
		<Unit filename="GLICT/progressbar.h" />
		<Unit filename="GLICT/scrollbar.cpp" />
		<Unit filename="GLICT/scrollbar.h">
			<Option target="demowin32" />
			<Option target="library" />
			<Option target="demounix" />
			<Option target="demosdl" />
		</Unit>
		<Unit filename="GLICT/skinner.cpp" />
		<Unit filename="GLICT/skinner.h">
			<Option target="demowin32" />
			<Option target="library" />
			<Option target="demounix" />
			<Option target="demosdl" />
		</Unit>
		<Unit filename="GLICT/textbox.cpp" />
		<Unit filename="GLICT/textbox.h">
			<Option target="demowin32" />
			<Option target="library" />
			<Option target="demounix" />
			<Option target="demosdl" />
		</Unit>
		<Unit filename="GLICT/types.h">
			<Option target="demowin32" />
			<Option target="library" />
			<Option target="demounix" />
			<Option target="demosdl" />
		</Unit>
		<Unit filename="GLICT/window.cpp" />
		<Unit filename="GLICT/window.h">
			<Option target="demowin32" />
			<Option target="library" />
			<Option target="demounix" />
			<Option target="demosdl" />
		</Unit>
		<Unit filename="LICENSE.txt">
			<Option target="demowin32" />
			<Option target="demounix" />
			<Option target="demosdl" />
		</Unit>
		<Unit filename="docs.txt">
			<Option target="demowin32" />
			<Option target="demounix" />
			<Option target="demosdl" />
		</Unit>
		<Unit filename="examples/memory/glut-helper.cpp">
			<Option target="examples-memory" />
		</Unit>
		<Unit filename="examples/memory/glut-helper.h">
			<Option target="demounix" />
			<Option target="examples-memory" />
		</Unit>
		<Unit filename="examples/memory/main.cpp">
			<Option target="examples-memory" />
		</Unit>
		<Unit filename="examples/memory_sdl/main.cpp">
			<Option target="examples-memory_sdl" />
		</Unit>
		<Unit filename="examples/memory_sdl/sdlfont.cpp">
			<Option target="examples-memory_sdl" />
		</Unit>
		<Unit filename="examples/memory_sdl/sdlfont.h">
			<Option target="examples-memory_sdl" />
		</Unit>
		<Unit filename="exchndl2.cxx">
			<Option target="demowin32" />
		</Unit>
		<Unit filename="glut-helper.cpp">
			<Option target="demowin32" />
			<Option target="demounix" />
		</Unit>
		<Unit filename="glut-helper.h">
			<Option target="demowin32" />
			<Option target="library" />
			<Option target="demounix" />
		</Unit>
		<Unit filename="history.txt">
			<Option target="demowin32" />
			<Option target="library" />
			<Option target="demounix" />
			<Option target="demosdl" />
		</Unit>
		<Unit filename="main.cpp">
			<Option target="demowin32" />
			<Option target="demounix" />
		</Unit>
		<Unit filename="readme.txt">
			<Option target="demowin32" />
			<Option target="demounix" />
			<Option target="demosdl" />
		</Unit>
		<Unit filename="sdldemo.cpp">
			<Option target="demosdl" />
		</Unit>
		<Unit filename="sdlfont.h">
			<Option target="demosdl" />
		</Unit>
		<Unit filename="texload.c">
			<Option compilerVar="CC" />
			<Option target="demowin32" />
			<Option target="demounix" />
		</Unit>
		<Unit filename="texload.h">
			<Option target="demowin32" />
			<Option target="demounix" />
		</Unit>
		<Extensions>
			<code_completion />
		</Extensions>
	</Project>
</CodeBlocks_project_file>
